# This file is autogenerated, do not edit; changes may be undone by the next 'dep ensure'.


[[projects]]
  digest = "1:76dc72490af7174349349838f2fe118996381b31ea83243812a97e5a0fd5ed55"
  name = "github.com/dgrijalva/jwt-go"
  packages = ["."]
  pruneopts = "UT"
  revision = "06ea1031745cb8b3dab3f6a236daf2b0aa468b7e"
  version = "v3.2.0"

[[projects]]
  digest = "1:f97285a3b0a496dcf8801072622230d513f69175665d94de60eb042d03387f6c"
  name = "github.com/julienschmidt/httprouter"
  packages = ["."]
  pruneopts = "UT"
  revision = "348b672cd90d8190f8240323e372ecd1e66b59dc"
  version = "v1.2.0"

[[projects]]
  branch = "master"
  digest = "1:5bb7e23d20ad539f3b30d9052835c8547b392293b84fab3b1afcc479e8a59b1b"
  name = "github.com/sheypoor/sheypro-common"
  packages = [
    "api",
    "jwt",
    "util",
  ]
  pruneopts = "UT"
  revision = "4d26ccc9827ce18a16b4c45356e11b676be05e48"

[[projects]]
  digest = "1:dc4c7a12731af053987821f43f32970d78937b1bad49dbfb5911b6b1b88173a0"
  name = "go.uber.org/dig"
  packages = [
    ".",
    "internal/digreflect",
    "internal/dot",
  ]
  pruneopts = "UT"
  revision = "12c8adaa5e6a24ad02198588082d95582ee16e5b"
  version = "v1.6.0"

[solve-meta]
  analyzer-name = "dep"
  analyzer-version = 1
  input-imports = [
    "github.com/julienschmidt/httprouter",
    "github.com/sheypoor/sheypro-common/api",
    "github.com/sheypoor/sheypro-common/jwt",
    "github.com/sheypoor/sheypro-common/util",
    "go.uber.org/dig",
  ]
  solver-name = "gps-cdcl"
  solver-version = 1
